<Solution>
  <Folder Name="/src/">
    <Project Path="src/wledBridge.Application/wledBridge.Application.csproj" />
    <Project Path="src/wledBridge.Domain/wledBridge.Domain.csproj" />
    <Project Path="src/wledBridge.Infrastructure/wledBridge.Infrastructure.csproj" />
    <Project Path="src/wledBridge.VirtualMixer/wledBridge.VirtualMixer.csproj" />
    <Project Path="src/wledBridge.Web/wledBridge.Web.csproj" />
  </Folder>
  <Folder Name="/tests/">
    <Project Path="tests/wledBridge.VirtualMixer.Tests/wledBridge.VirtualMixer.Tests.csproj" />
  </Folder>
</Solution>
